// !$*UTF8*$!
{
	archiveVersion = 1;
	classes = {
	};
	objectVersion = 56;
	objects = {

/* Begin PBXBuildFile section */
		37BABA612974792A0061010D /* MainView.swift in Sources */ = {isa = PBXBuildFile; fileRef = 37BABA602974792A0061010D /* MainView.swift */; };
		37BABA64297479400061010D /* Previews.swift in Sources */ = {isa = PBXBuildFile; fileRef = 37BABA63297479400061010D /* Previews.swift */; };
		37BABA67297479E90061010D /* MainViewTests.swift in Sources */ = {isa = PBXBuildFile; fileRef = 37BABA66297479E90061010D /* MainViewTests.swift */; };
		37BF21B1297475B400D2C8C0 /* PiChallengeApp.swift in Sources */ = {isa = PBXBuildFile; fileRef = 37BF21B0297475B400D2C8C0 /* PiChallengeApp.swift */; };
		37BF21B5297475B500D2C8C0 /* Assets.xcassets in Resources */ = {isa = PBXBuildFile; fileRef = 37BF21B4297475B500D2C8C0 /* Assets.xcassets */; };
		37BF21B8297475B500D2C8C0 /* Preview Assets.xcassets in Resources */ = {isa = PBXBuildFile; fileRef = 37BF21B7297475B500D2C8C0 /* Preview Assets.xcassets */; };
		37BF21CC297475B500D2C8C0 /* PiChallengeUITests.swift in Sources */ = {isa = PBXBuildFile; fileRef = 37BF21CB297475B500D2C8C0 /* PiChallengeUITests.swift */; };
		37BF21CE297475B500D2C8C0 /* PiChallengeUITestsLaunchTests.swift in Sources */ = {isa = PBXBuildFile; fileRef = 37BF21CD297475B500D2C8C0 /* PiChallengeUITestsLaunchTests.swift */; };
/* End PBXBuildFile section */

/* Begin PBXContainerItemProxy section */
		37BF21BE297475B500D2C8C0 /* PBXContainerItemProxy */ = {
			isa = PBXContainerItemProxy;
			containerPortal = 37BF21A5297475B400D2C8C0 /* Project object */;
			proxyType = 1;
			remoteGlobalIDString = 37BF21AC297475B400D2C8C0;
			remoteInfo = PiChallenge;
		};
		37BF21C8297475B500D2C8C0 /* PBXContainerItemProxy */ = {
			isa = PBXContainerItemProxy;
			containerPortal = 37BF21A5297475B400D2C8C0 /* Project object */;
			proxyType = 1;
			remoteGlobalIDString = 37BF21AC297475B400D2C8C0;
			remoteInfo = PiChallenge;
		};
/* End PBXContainerItemProxy section */

/* Begin PBXFileReference section */
		37BABA602974792A0061010D /* MainView.swift */ = {isa = PBXFileReference; lastKnownFileType = sourcecode.swift; path = MainView.swift; sourceTree = "<group>"; };
		37BABA63297479400061010D /* Previews.swift */ = {isa = PBXFileReference; lastKnownFileType = sourcecode.swift; path = Previews.swift; sourceTree = "<group>"; };
		37BABA66297479E90061010D /* MainViewTests.swift */ = {isa = PBXFileReference; lastKnownFileType = sourcecode.swift; path = MainViewTests.swift; sourceTree = "<group>"; };
		37BF21AD297475B400D2C8C0 /* PiChallenge.app */ = {isa = PBXFileReference; explicitFileType = wrapper.application; includeInIndex = 0; path = PiChallenge.app; sourceTree = BUILT_PRODUCTS_DIR; };
		37BF21B0297475B400D2C8C0 /* PiChallengeApp.swift */ = {isa = PBXFileReference; lastKnownFileType = sourcecode.swift; path = PiChallengeApp.swift; sourceTree = "<group>"; };
		37BF21B4297475B500D2C8C0 /* Assets.xcassets */ = {isa = PBXFileReference; lastKnownFileType = folder.assetcatalog; path = Assets.xcassets; sourceTree = "<group>"; };
		37BF21B7297475B500D2C8C0 /* Preview Assets.xcassets */ = {isa = PBXFileReference; lastKnownFileType = folder.assetcatalog; path = "Preview Assets.xcassets"; sourceTree = "<group>"; };
		37BF21BD297475B500D2C8C0 /* PiChallengeTests.xctest */ = {isa = PBXFileReference; explicitFileType = wrapper.cfbundle; includeInIndex = 0; path = PiChallengeTests.xctest; sourceTree = BUILT_PRODUCTS_DIR; };
		37BF21C7297475B500D2C8C0 /* PiChallengeUITests.xctest */ = {isa = PBXFileReference; explicitFileType = wrapper.cfbundle; includeInIndex = 0; path = PiChallengeUITests.xctest; sourceTree = BUILT_PRODUCTS_DIR; };
		37BF21CB297475B500D2C8C0 /* PiChallengeUITests.swift */ = {isa = PBXFileReference; lastKnownFileType = sourcecode.swift; path = PiChallengeUITests.swift; sourceTree = "<group>"; };
		37BF21CD297475B500D2C8C0 /* PiChallengeUITestsLaunchTests.swift */ = {isa = PBXFileReference; lastKnownFileType = sourcecode.swift; path = PiChallengeUITestsLaunchTests.swift; sourceTree = "<group>"; };
/* End PBXFileReference section */

/* Begin PBXFrameworksBuildPhase section */
		37BF21AA297475B400D2C8C0 /* Frameworks */ = {
			isa = PBXFrameworksBuildPhase;
			buildActionMask = 2147483647;
			files = (
			);
			runOnlyForDeploymentPostprocessing = 0;
		};
		37BF21BA297475B500D2C8C0 /* Frameworks */ = {
			isa = PBXFrameworksBuildPhase;
			buildActionMask = 2147483647;
			files = (
			);
			runOnlyForDeploymentPostprocessing = 0;
		};
		37BF21C4297475B500D2C8C0 /* Frameworks */ = {
			isa = PBXFrameworksBuildPhase;
			buildActionMask = 2147483647;
			files = (
			);
			runOnlyForDeploymentPostprocessing = 0;
		};
/* End PBXFrameworksBuildPhase section */

/* Begin PBXGroup section */
		37BABA5D297478F20061010D /* Services */ = {
			isa = PBXGroup;
			children = (
			);
			path = Services;
			sourceTree = "<group>";
		};
		37BABA5E297479120061010D /* MainView */ = {
			isa = PBXGroup;
			children = (
				37BABA602974792A0061010D /* MainView.swift */,
			);
			path = MainView;
			sourceTree = "<group>";
		};
		37BABA5F2974791D0061010D /* Decorators */ = {
			isa = PBXGroup;
			children = (
			);
			path = Decorators;
			sourceTree = "<group>";
		};
		37BABA622974792E0061010D /* Previews */ = {
			isa = PBXGroup;
			children = (
				37BABA63297479400061010D /* Previews.swift */,
			);
			path = Previews;
			sourceTree = "<group>";
		};
		37BABA65297479D50061010D /* MainView */ = {
			isa = PBXGroup;
			children = (
				37BABA66297479E90061010D /* MainViewTests.swift */,
			);
			path = MainView;
			sourceTree = "<group>";
		};
		37BF21A4297475B400D2C8C0 = {
			isa = PBXGroup;
			children = (
				37BF21AF297475B400D2C8C0 /* PiChallenge */,
				37BF21C0297475B500D2C8C0 /* PiChallengeTests */,
				37BF21CA297475B500D2C8C0 /* PiChallengeUITests */,
				37BF21AE297475B400D2C8C0 /* Products */,
			);
			sourceTree = "<group>";
		};
		37BF21AE297475B400D2C8C0 /* Products */ = {
			isa = PBXGroup;
			children = (
				37BF21AD297475B400D2C8C0 /* PiChallenge.app */,
				37BF21BD297475B500D2C8C0 /* PiChallengeTests.xctest */,
				37BF21C7297475B500D2C8C0 /* PiChallengeUITests.xctest */,
			);
			name = Products;
			sourceTree = "<group>";
		};
		37BF21AF297475B400D2C8C0 /* PiChallenge */ = {
			isa = PBXGroup;
			children = (
				37BABA5F2974791D0061010D /* Decorators */,
				37BF21B0297475B400D2C8C0 /* PiChallengeApp.swift */,
				37BABA622974792E0061010D /* Previews */,
				37D3E45D2974789000C795C1 /* Resources */,
				37BABA5D297478F20061010D /* Services */,
				37D3E45C2974788B00C795C1 /* Views */,
			);
			path = PiChallenge;
			sourceTree = "<group>";
		};
		37BF21B6297475B500D2C8C0 /* Preview Content */ = {
			isa = PBXGroup;
			children = (
				37BF21B7297475B500D2C8C0 /* Preview Assets.xcassets */,
			);
			path = "Preview Content";
			sourceTree = "<group>";
		};
		37BF21C0297475B500D2C8C0 /* PiChallengeTests */ = {
			isa = PBXGroup;
			children = (
				37BABA65297479D50061010D /* MainView */,
			);
			path = PiChallengeTests;
			sourceTree = "<group>";
		};
		37BF21CA297475B500D2C8C0 /* PiChallengeUITests */ = {
			isa = PBXGroup;
			children = (
				37BF21CB297475B500D2C8C0 /* PiChallengeUITests.swift */,
				37BF21CD297475B500D2C8C0 /* PiChallengeUITestsLaunchTests.swift */,
			);
			path = PiChallengeUITests;
			sourceTree = "<group>";
		};
		37D3E45C2974788B00C795C1 /* Views */ = {
			isa = PBXGroup;
			children = (
				37BABA5E297479120061010D /* MainView */,
			);
			path = Views;
			sourceTree = "<group>";
		};
		37D3E45D2974789000C795C1 /* Resources */ = {
			isa = PBXGroup;
			children = (
				37BF21B6297475B500D2C8C0 /* Preview Content */,
				37BF21B4297475B500D2C8C0 /* Assets.xcassets */,
			);
			path = Resources;
			sourceTree = "<group>";
		};
/* End PBXGroup section */

/* Begin PBXNativeTarget section */
		37BF21AC297475B400D2C8C0 /* PiChallenge */ = {
			isa = PBXNativeTarget;
			buildConfigurationList = 37BF21D1297475B500D2C8C0 /* Build configuration list for PBXNativeTarget "PiChallenge" */;
			buildPhases = (
				37BF21A9297475B400D2C8C0 /* Sources */,
				37BF21AA297475B400D2C8C0 /* Frameworks */,
				37BF21AB297475B400D2C8C0 /* Resources */,
			);
			buildRules = (
			);
			dependencies = (
			);
			name = PiChallenge;
			productName = PiChallenge;
			productReference = 37BF21AD297475B400D2C8C0 /* PiChallenge.app */;
			productType = "com.apple.product-type.application";
		};
		37BF21BC297475B500D2C8C0 /* PiChallengeTests */ = {
			isa = PBXNativeTarget;
			buildConfigurationList = 37BF21D4297475B500D2C8C0 /* Build configuration list for PBXNativeTarget "PiChallengeTests" */;
			buildPhases = (
				37BF21B9297475B500D2C8C0 /* Sources */,
				37BF21BA297475B500D2C8C0 /* Frameworks */,
				37BF21BB297475B500D2C8C0 /* Resources */,
			);
			buildRules = (
			);
			dependencies = (
				37BF21BF297475B500D2C8C0 /* PBXTargetDependency */,
			);
			name = PiChallengeTests;
			productName = PiChallengeTests;
			productReference = 37BF21BD297475B500D2C8C0 /* PiChallengeTests.xctest */;
			productType = "com.apple.product-type.bundle.unit-test";
		};
		37BF21C6297475B500D2C8C0 /* PiChallengeUITests */ = {
			isa = PBXNativeTarget;
			buildConfigurationList = 37BF21D7297475B500D2C8C0 /* Build configuration list for PBXNativeTarget "PiChallengeUITests" */;
			buildPhases = (
				37BF21C3297475B500D2C8C0 /* Sources */,
				37BF21C4297475B500D2C8C0 /* Frameworks */,
				37BF21C5297475B500D2C8C0 /* Resources */,
			);
			buildRules = (
			);
			dependencies = (
				37BF21C9297475B500D2C8C0 /* PBXTargetDependency */,
			);
			name = PiChallengeUITests;
			productName = PiChallengeUITests;
			productReference = 37BF21C7297475B500D2C8C0 /* PiChallengeUITests.xctest */;
			productType = "com.apple.product-type.bundle.ui-testing";
		};
/* End PBXNativeTarget section */

/* Begin PBXProject section */
		37BF21A5297475B400D2C8C0 /* Project object */ = {
			isa = PBXProject;
			attributes = {
				BuildIndependentTargetsInParallel = 1;
				LastSwiftUpdateCheck = 1420;
				LastUpgradeCheck = 1420;
				TargetAttributes = {
					37BF21AC297475B400D2C8C0 = {
						CreatedOnToolsVersion = 14.2;
					};
					37BF21BC297475B500D2C8C0 = {
						CreatedOnToolsVersion = 14.2;
						TestTargetID = 37BF21AC297475B400D2C8C0;
					};
					37BF21C6297475B500D2C8C0 = {
						CreatedOnToolsVersion = 14.2;
						TestTargetID = 37BF21AC297475B400D2C8C0;
					};
				};
			};
			buildConfigurationList = 37BF21A8297475B400D2C8C0 /* Build configuration list for PBXProject "PiChallenge" */;
			compatibilityVersion = "Xcode 14.0";
			developmentRegion = en;
			hasScannedForEncodings = 0;
			knownRegions = (
				en,
				Base,
			);
			mainGroup = 37BF21A4297475B400D2C8C0;
			productRefGroup = 37BF21AE297475B400D2C8C0 /* Products */;
			projectDirPath = "";
			projectRoot = "";
			targets = (
				37BF21AC297475B400D2C8C0 /* PiChallenge */,
				37BF21BC297475B500D2C8C0 /* PiChallengeTests */,
				37BF21C6297475B500D2C8C0 /* PiChallengeUITests */,
			);
		};
/* End PBXProject section */

/* Begin PBXResourcesBuildPhase section */
		37BF21AB297475B400D2C8C0 /* Resources */ = {
			isa = PBXResourcesBuildPhase;
			buildActionMask = 2147483647;
			files = (
				37BF21B8297475B500D2C8C0 /* Preview Assets.xcassets in Resources */,
				37BF21B5297475B500D2C8C0 /* Assets.xcassets in Resources */,
			);
			runOnlyForDeploymentPostprocessing = 0;
		};
		37BF21BB297475B500D2C8C0 /* Resources */ = {
			isa = PBXResourcesBuildPhase;
			buildActionMask = 2147483647;
			files = (
			);
			runOnlyForDeploymentPostprocessing = 0;
		};
		37BF21C5297475B500D2C8C0 /* Resources */ = {
			isa = PBXResourcesBuildPhase;
			buildActionMask = 2147483647;
			files = (
			);
			runOnlyForDeploymentPostprocessing = 0;
		};
/* End PBXResourcesBuildPhase section */

/* Begin PBXSourcesBuildPhase section */
		37BF21A9297475B400D2C8C0 /* Sources */ = {
			isa = PBXSourcesBuildPhase;
			buildActionMask = 2147483647;
			files = (
				37BF21B1297475B400D2C8C0 /* PiChallengeApp.swift in Sources */,
				37BABA64297479400061010D /* Previews.swift in Sources */,
				37BABA612974792A0061010D /* MainView.swift in Sources */,
			);
			runOnlyForDeploymentPostprocessing = 0;
		};
		37BF21B9297475B500D2C8C0 /* Sources */ = {
			isa = PBXSourcesBuildPhase;
			buildActionMask = 2147483647;
			files = (
				37BABA67297479E90061010D /* MainViewTests.swift in Sources */,
			);
			runOnlyForDeploymentPostprocessing = 0;
		};
		37BF21C3297475B500D2C8C0 /* Sources */ = {
			isa = PBXSourcesBuildPhase;
			buildActionMask = 2147483647;
			files = (
				37BF21CC297475B500D2C8C0 /* PiChallengeUITests.swift in Sources */,
				37BF21CE297475B500D2C8C0 /* PiChallengeUITestsLaunchTests.swift in Sources */,
			);
			runOnlyForDeploymentPostprocessing = 0;
		};
/* End PBXSourcesBuildPhase section */

/* Begin PBXTargetDependency section */
		37BF21BF297475B500D2C8C0 /* PBXTargetDependency */ = {
			isa = PBXTargetDependency;
			target = 37BF21AC297475B400D2C8C0 /* PiChallenge */;
			targetProxy = 37BF21BE297475B500D2C8C0 /* PBXContainerItemProxy */;
		};
		37BF21C9297475B500D2C8C0 /* PBXTargetDependency */ = {
			isa = PBXTargetDependency;
			target = 37BF21AC297475B400D2C8C0 /* PiChallenge */;
			targetProxy = 37BF21C8297475B500D2C8C0 /* PBXContainerItemProxy */;
		};
/* End PBXTargetDependency section */

/* Begin XCBuildConfiguration section */
		37BF21CF297475B500D2C8C0 /* Debug */ = {
			isa = XCBuildConfiguration;
			buildSettings = {
				ALWAYS_SEARCH_USER_PATHS = NO;
				CLANG_ANALYZER_NONNULL = YES;
				CLANG_ANALYZER_NUMBER_OBJECT_CONVERSION = YES_AGGRESSIVE;
				CLANG_CXX_LANGUAGE_STANDARD = "gnu++20";
				CLANG_ENABLE_MODULES = YES;
				CLANG_ENABLE_OBJC_ARC = YES;
				CLANG_ENABLE_OBJC_WEAK = YES;
				CLANG_WARN_BLOCK_CAPTURE_AUTORELEASING = YES;
				CLANG_WARN_BOOL_CONVERSION = YES;
				CLANG_WARN_COMMA = YES;
				CLANG_WARN_CONSTANT_CONVERSION = YES;
				CLANG_WARN_DEPRECATED_OBJC_IMPLEMENTATIONS = YES;
				CLANG_WARN_DIRECT_OBJC_ISA_USAGE = YES_ERROR;
				CLANG_WARN_DOCUMENTATION_COMMENTS = YES;
				CLANG_WARN_EMPTY_BODY = YES;
				CLANG_WARN_ENUM_CONVERSION = YES;
				CLANG_WARN_INFINITE_RECURSION = YES;
				CLANG_WARN_INT_CONVERSION = YES;
				CLANG_WARN_NON_LITERAL_NULL_CONVERSION = YES;
				CLANG_WARN_OBJC_IMPLICIT_RETAIN_SELF = YES;
				CLANG_WARN_OBJC_LITERAL_CONVERSION = YES;
				CLANG_WARN_OBJC_ROOT_CLASS = YES_ERROR;
				CLANG_WARN_QUOTED_INCLUDE_IN_FRAMEWORK_HEADER = YES;
				CLANG_WARN_RANGE_LOOP_ANALYSIS = YES;
				CLANG_WARN_STRICT_PROTOTYPES = YES;
				CLANG_WARN_SUSPICIOUS_MOVE = YES;
				CLANG_WARN_UNGUARDED_AVAILABILITY = YES_AGGRESSIVE;
				CLANG_WARN_UNREACHABLE_CODE = YES;
				CLANG_WARN__DUPLICATE_METHOD_MATCH = YES;
				COPY_PHASE_STRIP = NO;
				DEBUG_INFORMATION_FORMAT = dwarf;
				ENABLE_STRICT_OBJC_MSGSEND = YES;
				ENABLE_TESTABILITY = YES;
				GCC_C_LANGUAGE_STANDARD = gnu11;
				GCC_DYNAMIC_NO_PIC = NO;
				GCC_NO_COMMON_BLOCKS = YES;
				GCC_OPTIMIZATION_LEVEL = 0;
				GCC_PREPROCESSOR_DEFINITIONS = (
					"DEBUG=1",
					"$(inherited)",
				);
				GCC_WARN_64_TO_32_BIT_CONVERSION = YES;
				GCC_WARN_ABOUT_RETURN_TYPE = YES_ERROR;
				GCC_WARN_UNDECLARED_SELECTOR = YES;
				GCC_WARN_UNINITIALIZED_AUTOS = YES_AGGRESSIVE;
				GCC_WARN_UNUSED_FUNCTION = YES;
				GCC_WARN_UNUSED_VARIABLE = YES;
				IPHONEOS_DEPLOYMENT_TARGET = 16.2;
				MTL_ENABLE_DEBUG_INFO = INCLUDE_SOURCE;
				MTL_FAST_MATH = YES;
				ONLY_ACTIVE_ARCH = YES;
				SDKROOT = iphoneos;
				SWIFT_ACTIVE_COMPILATION_CONDITIONS = DEBUG;
				SWIFT_OPTIMIZATION_LEVEL = "-Onone";
			};
			name = Debug;
		};
		37BF21D0297475B500D2C8C0 /* Release */ = {
			isa = XCBuildConfiguration;
			buildSettings = {
				ALWAYS_SEARCH_USER_PATHS = NO;
				CLANG_ANALYZER_NONNULL = YES;
				CLANG_ANALYZER_NUMBER_OBJECT_CONVERSION = YES_AGGRESSIVE;
				CLANG_CXX_LANGUAGE_STANDARD = "gnu++20";
				CLANG_ENABLE_MODULES = YES;
				CLANG_ENABLE_OBJC_ARC = YES;
				CLANG_ENABLE_OBJC_WEAK = YES;
				CLANG_WARN_BLOCK_CAPTURE_AUTORELEASING = YES;
				CLANG_WARN_BOOL_CONVERSION = YES;
				CLANG_WARN_COMMA = YES;
				CLANG_WARN_CONSTANT_CONVERSION = YES;
				CLANG_WARN_DEPRECATED_OBJC_IMPLEMENTATIONS = YES;
				CLANG_WARN_DIRECT_OBJC_ISA_USAGE = YES_ERROR;
				CLANG_WARN_DOCUMENTATION_COMMENTS = YES;
				CLANG_WARN_EMPTY_BODY = YES;
				CLANG_WARN_ENUM_CONVERSION = YES;
				CLANG_WARN_INFINITE_RECURSION = YES;
				CLANG_WARN_INT_CONVERSION = YES;
				CLANG_WARN_NON_LITERAL_NULL_CONVERSION = YES;
				CLANG_WARN_OBJC_IMPLICIT_RETAIN_SELF = YES;
				CLANG_WARN_OBJC_LITERAL_CONVERSION = YES;
				CLANG_WARN_OBJC_ROOT_CLASS = YES_ERROR;
				CLANG_WARN_QUOTED_INCLUDE_IN_FRAMEWORK_HEADER = YES;
				CLANG_WARN_RANGE_LOOP_ANALYSIS = YES;
				CLANG_WARN_STRICT_PROTOTYPES = YES;
				CLANG_WARN_SUSPICIOUS_MOVE = YES;
				CLANG_WARN_UNGUARDED_AVAILABILITY = YES_AGGRESSIVE;
				CLANG_WARN_UNREACHABLE_CODE = YES;
				CLANG_WARN__DUPLICATE_METHOD_MATCH = YES;
				COPY_PHASE_STRIP = NO;
				DEBUG_INFORMATION_FORMAT = "dwarf-with-dsym";
				ENABLE_NS_ASSERTIONS = NO;
				ENABLE_STRICT_OBJC_MSGSEND = YES;
				GCC_C_LANGUAGE_STANDARD = gnu11;
				GCC_NO_COMMON_BLOCKS = YES;
				GCC_WARN_64_TO_32_BIT_CONVERSION = YES;
				GCC_WARN_ABOUT_RETURN_TYPE = YES_ERROR;
				GCC_WARN_UNDECLARED_SELECTOR = YES;
				GCC_WARN_UNINITIALIZED_AUTOS = YES_AGGRESSIVE;
				GCC_WARN_UNUSED_FUNCTION = YES;
				GCC_WARN_UNUSED_VARIABLE = YES;
				IPHONEOS_DEPLOYMENT_TARGET = 16.2;
				MTL_ENABLE_DEBUG_INFO = NO;
				MTL_FAST_MATH = YES;
				SDKROOT = iphoneos;
				SWIFT_COMPILATION_MODE = wholemodule;
				SWIFT_OPTIMIZATION_LEVEL = "-O";
				VALIDATE_PRODUCT = YES;
			};
			name = Release;
		};
		37BF21D2297475B500D2C8C0 /* Debug */ = {
			isa = XCBuildConfiguration;
			buildSettings = {
				ASSETCATALOG_COMPILER_APPICON_NAME = AppIcon;
				ASSETCATALOG_COMPILER_GLOBAL_ACCENT_COLOR_NAME = AccentColor;
				"CODE_SIGN_IDENTITY[sdk=iphoneos*]" = "iPhone Developer";
				CODE_SIGN_STYLE = Manual;
				CURRENT_PROJECT_VERSION = 0;
				DEVELOPMENT_ASSET_PATHS = "\"PiChallenge/Resources/Preview Content\"";
				DEVELOPMENT_TEAM = "";
				"DEVELOPMENT_TEAM[sdk=iphoneos*]" = 6B4M252GN4;
				ENABLE_PREVIEWS = YES;
				GENERATE_INFOPLIST_FILE = YES;
				INFOPLIST_KEY_CFBundleDisplayName = "Pi Challenge";
				INFOPLIST_KEY_LSApplicationCategoryType = "public.app-category.educational-games";
				INFOPLIST_KEY_UIApplicationSceneManifest_Generation = YES;
				INFOPLIST_KEY_UIApplicationSupportsIndirectInputEvents = YES;
				INFOPLIST_KEY_UILaunchScreen_Generation = YES;
				INFOPLIST_KEY_UISupportedInterfaceOrientations_iPad = "UIInterfaceOrientationPortrait UIInterfaceOrientationPortraitUpsideDown UIInterfaceOrientationLandscapeLeft UIInterfaceOrientationLandscapeRight";
				INFOPLIST_KEY_UISupportedInterfaceOrientations_iPhone = "UIInterfaceOrientationPortrait UIInterfaceOrientationLandscapeLeft UIInterfaceOrientationLandscapeRight";
				IPHONEOS_DEPLOYMENT_TARGET = 15.0;
				LD_RUNPATH_SEARCH_PATHS = (
					"$(inherited)",
					"@executable_path/Frameworks",
				);
				MARKETING_VERSION = 0.0.1;
				PRODUCT_BUNDLE_IDENTIFIER = com.sergiofresneda.pichallenge;
				PRODUCT_NAME = "$(TARGET_NAME)";
				PROVISIONING_PROFILE_SPECIFIER = "";
				"PROVISIONING_PROFILE_SPECIFIER[sdk=iphoneos*]" = "development-pichallenge";
				SWIFT_EMIT_LOC_STRINGS = YES;
				SWIFT_VERSION = 5.0;
				TARGETED_DEVICE_FAMILY = "1,2";
			};
			name = Debug;
		};
		37BF21D3297475B500D2C8C0 /* Release */ = {
			isa = XCBuildConfiguration;
			buildSettings = {
				ASSETCATALOG_COMPILER_APPICON_NAME = AppIcon;
				ASSETCATALOG_COMPILER_GLOBAL_ACCENT_COLOR_NAME = AccentColor;
				"CODE_SIGN_IDENTITY[sdk=iphoneos*]" = "iPhone Developer";
				CODE_SIGN_STYLE = Manual;
				CURRENT_PROJECT_VERSION = 0;
				DEVELOPMENT_ASSET_PATHS = "\"PiChallenge/Resources/Preview Content\"";
				DEVELOPMENT_TEAM = "";
				"DEVELOPMENT_TEAM[sdk=iphoneos*]" = 6B4M252GN4;
				ENABLE_PREVIEWS = YES;
				GENERATE_INFOPLIST_FILE = YES;
				INFOPLIST_KEY_CFBundleDisplayName = "Pi Challenge";
				INFOPLIST_KEY_LSApplicationCategoryType = "public.app-category.educational-games";
				INFOPLIST_KEY_UIApplicationSceneManifest_Generation = YES;
				INFOPLIST_KEY_UIApplicationSupportsIndirectInputEvents = YES;
				INFOPLIST_KEY_UILaunchScreen_Generation = YES;
				INFOPLIST_KEY_UISupportedInterfaceOrientations_iPad = "UIInterfaceOrientationPortrait UIInterfaceOrientationPortraitUpsideDown UIInterfaceOrientationLandscapeLeft UIInterfaceOrientationLandscapeRight";
				INFOPLIST_KEY_UISupportedInterfaceOrientations_iPhone = "UIInterfaceOrientationPortrait UIInterfaceOrientationLandscapeLeft UIInterfaceOrientationLandscapeRight";
				IPHONEOS_DEPLOYMENT_TARGET = 15.0;
				LD_RUNPATH_SEARCH_PATHS = (
					"$(inherited)",
					"@executable_path/Frameworks",
				);
				MARKETING_VERSION = 0.0.1;
				PRODUCT_BUNDLE_IDENTIFIER = com.sergiofresneda.pichallenge;
				PRODUCT_NAME = "$(TARGET_NAME)";
				PROVISIONING_PROFILE_SPECIFIER = "";
				"PROVISIONING_PROFILE_SPECIFIER[sdk=iphoneos*]" = "development-pichallenge";
				SWIFT_EMIT_LOC_STRINGS = YES;
				SWIFT_VERSION = 5.0;
				TARGETED_DEVICE_FAMILY = "1,2";
			};
			name = Release;
		};
		37BF21D5297475B500D2C8C0 /* Debug */ = {
			isa = XCBuildConfiguration;
			buildSettings = {
				ALWAYS_EMBED_SWIFT_STANDARD_LIBRARIES = YES;
				BUNDLE_LOADER = "$(TEST_HOST)";
				CODE_SIGN_STYLE = Automatic;
				CURRENT_PROJECT_VERSION = 1;
				DEVELOPMENT_TEAM = 6B4M252GN4;
				GENERATE_INFOPLIST_FILE = YES;
				IPHONEOS_DEPLOYMENT_TARGET = 16.2;
				MARKETING_VERSION = 1.0;
				PRODUCT_BUNDLE_IDENTIFIER = com.sergiofresneda.PiChallengeTests;
				PRODUCT_NAME = "$(TARGET_NAME)";
				SWIFT_EMIT_LOC_STRINGS = NO;
				SWIFT_VERSION = 5.0;
				TARGETED_DEVICE_FAMILY = "1,2";
				TEST_HOST = "$(BUILT_PRODUCTS_DIR)/PiChallenge.app/$(BUNDLE_EXECUTABLE_FOLDER_PATH)/PiChallenge";
			};
			name = Debug;
		};
		37BF21D6297475B500D2C8C0 /* Release */ = {
			isa = XCBuildConfiguration;
			buildSettings = {
				ALWAYS_EMBED_SWIFT_STANDARD_LIBRARIES = YES;
				BUNDLE_LOADER = "$(TEST_HOST)";
				CODE_SIGN_STYLE = Automatic;
				CURRENT_PROJECT_VERSION = 1;
				DEVELOPMENT_TEAM = 6B4M252GN4;
				GENERATE_INFOPLIST_FILE = YES;
				IPHONEOS_DEPLOYMENT_TARGET = 16.2;
				MARKETING_VERSION = 1.0;
				PRODUCT_BUNDLE_IDENTIFIER = com.sergiofresneda.PiChallengeTests;
				PRODUCT_NAME = "$(TARGET_NAME)";
				SWIFT_EMIT_LOC_STRINGS = NO;
				SWIFT_VERSION = 5.0;
				TARGETED_DEVICE_FAMILY = "1,2";
				TEST_HOST = "$(BUILT_PRODUCTS_DIR)/PiChallenge.app/$(BUNDLE_EXECUTABLE_FOLDER_PATH)/PiChallenge";
			};
			name = Release;
		};
		37BF21D8297475B500D2C8C0 /* Debug */ = {
			isa = XCBuildConfiguration;
			buildSettings = {
				ALWAYS_EMBED_SWIFT_STANDARD_LIBRARIES = YES;
				CODE_SIGN_STYLE = Automatic;
				CURRENT_PROJECT_VERSION = 1;
				DEVELOPMENT_TEAM = 6B4M252GN4;
				GENERATE_INFOPLIST_FILE = YES;
				MARKETING_VERSION = 1.0;
				PRODUCT_BUNDLE_IDENTIFIER = com.sergiofresneda.PiChallengeUITests;
				PRODUCT_NAME = "$(TARGET_NAME)";
				SWIFT_EMIT_LOC_STRINGS = NO;
				SWIFT_VERSION = 5.0;
				TARGETED_DEVICE_FAMILY = "1,2";
				TEST_TARGET_NAME = PiChallenge;
			};
			name = Debug;
		};
		37BF21D9297475B500D2C8C0 /* Release */ = {
			isa = XCBuildConfiguration;
			buildSettings = {
				ALWAYS_EMBED_SWIFT_STANDARD_LIBRARIES = YES;
				CODE_SIGN_STYLE = Automatic;
				CURRENT_PROJECT_VERSION = 1;
				DEVELOPMENT_TEAM = 6B4M252GN4;
				GENERATE_INFOPLIST_FILE = YES;
				MARKETING_VERSION = 1.0;
				PRODUCT_BUNDLE_IDENTIFIER = com.sergiofresneda.PiChallengeUITests;
				PRODUCT_NAME = "$(TARGET_NAME)";
				SWIFT_EMIT_LOC_STRINGS = NO;
				SWIFT_VERSION = 5.0;
				TARGETED_DEVICE_FAMILY = "1,2";
				TEST_TARGET_NAME = PiChallenge;
			};
			name = Release;
		};
/* End XCBuildConfiguration section */

/* Begin XCConfigurationList section */
		37BF21A8297475B400D2C8C0 /* Build configuration list for PBXProject "PiChallenge" */ = {
			isa = XCConfigurationList;
			buildConfigurations = (
				37BF21CF297475B500D2C8C0 /* Debug */,
				37BF21D0297475B500D2C8C0 /* Release */,
			);
			defaultConfigurationIsVisible = 0;
			defaultConfigurationName = Release;
		};
		37BF21D1297475B500D2C8C0 /* Build configuration list for PBXNativeTarget "PiChallenge" */ = {
			isa = XCConfigurationList;
			buildConfigurations = (
				37BF21D2297475B500D2C8C0 /* Debug */,
				37BF21D3297475B500D2C8C0 /* Release */,
			);
			defaultConfigurationIsVisible = 0;
			defaultConfigurationName = Release;
		};
		37BF21D4297475B500D2C8C0 /* Build configuration list for PBXNativeTarget "PiChallengeTests" */ = {
			isa = XCConfigurationList;
			buildConfigurations = (
				37BF21D5297475B500D2C8C0 /* Debug */,
				37BF21D6297475B500D2C8C0 /* Release */,
			);
			defaultConfigurationIsVisible = 0;
			defaultConfigurationName = Release;
		};
		37BF21D7297475B500D2C8C0 /* Build configuration list for PBXNativeTarget "PiChallengeUITests" */ = {
			isa = XCConfigurationList;
			buildConfigurations = (
				37BF21D8297475B500D2C8C0 /* Debug */,
				37BF21D9297475B500D2C8C0 /* Release */,
			);
			defaultConfigurationIsVisible = 0;
			defaultConfigurationName = Release;
		};
/* End XCConfigurationList section */
	};
	rootObject = 37BF21A5297475B400D2C8C0 /* Project object */;
}
